
Microsoft Visual Studio Solution File, Format Version 12.00
# Visual Studio 15
VisualStudioVersion = 15.0.27703.2018
MinimumVisualStudioVersion = 10.0.40219.1
Project("{FAE04EC0-301F-11D3-BF4B-00C04F79EFBC}") = "UrlsAndRoutes", "UrlsAndRoutes\UrlsAndRoutes.csproj", "{8F9E40BE-618F-43D4-84BB-1859A5472B6A}"
EndProject
Project("{FAE04EC0-301F-11D3-BF4B-00C04F79EFBC}") = "UrlsAndRoutes.Tests", "UrlsAndRoutes.Tests\UrlsAndRoutes.Tests.csproj", "{4C492AEC-5838-4BA2-9523-28743287778E}"
EndProject
Global
	GlobalSection(SolutionConfigurationPlatforms) = preSolution
		Debug|Any CPU = Debug|Any CPU
		Release|Any CPU = Release|Any CPU
	EndGlobalSection
	GlobalSection(ProjectConfigurationPlatforms) = postSolution
		{8F9E40BE-618F-43D4-84BB-1859A5472B6A}.Debug|Any CPU.ActiveCfg = Debug|Any CPU
		{8F9E40BE-618F-43D4-84BB-1859A5472B6A}.Debug|Any CPU.Build.0 = Debug|Any CPU
		{8F9E40BE-618F-43D4-84BB-1859A5472B6A}.Release|Any CPU.ActiveCfg = Release|Any CPU
		{8F9E40BE-618F-43D4-84BB-1859A5472B6A}.Release|Any CPU.Build.0 = Release|Any CPU
		{4C492AEC-5838-4BA2-9523-28743287778E}.Debug|Any CPU.ActiveCfg = Debug|Any CPU
		{4C492AEC-5838-4BA2-9523-28743287778E}.Debug|Any CPU.Build.0 = Debug|Any CPU
		{4C492AEC-5838-4BA2-9523-28743287778E}.Release|Any CPU.ActiveCfg = Release|Any CPU
		{4C492AEC-5838-4BA2-9523-28743287778E}.Release|Any CPU.Build.0 = Release|Any CPU
	EndGlobalSection
	GlobalSection(SolutionProperties) = preSolution
		HideSolutionNode = FALSE
	EndGlobalSection
	GlobalSection(ExtensibilityGlobals) = postSolution
		SolutionGuid = {9E3F837B-19CB-41C4-93C1-DCC5BC702D01}
	EndGlobalSection
EndGlobal
